{
  "meteor": {},
  "dependencies": {
    "basePackages": {
      "foundation": {},
      "filepicker": {}
    },
    "packages": {
      "foundation": {
        "git": "https://github.com/ewall/meteor-foundation.git",
        "tag": "v4.3.1",
        "commit": "ecc55cd1ae470c902e010e5986a26c66e810d989"
      },
      "filepicker": {
        "git": "https://github.com/Filepicker/meteor.git",
        "tag": "v0.3.0",
        "commit": "dcb6f3779e5fc105520ba06b0392e3a79c73a7e6"
      }
    }
  }
}
